
Microsoft Visual Studio Solution File, Format Version 12.00
# Visual Studio Version 16
VisualStudioVersion = 16.0.28917.181
MinimumVisualStudioVersion = 10.0.40219.1
Project("{FAE04EC0-301F-11D3-BF4B-00C04F79EFBC}") = "Casper_Task", "Casper_Task\Casper_Task.csproj", "{097F8915-5E42-4D96-8F24-32AD9CC46994}"
EndProject
Global
	GlobalSection(SolutionConfigurationPlatforms) = preSolution
		Debug|Any CPU = Debug|Any CPU
		Release|Any CPU = Release|Any CPU
	EndGlobalSection
	GlobalSection(ProjectConfigurationPlatforms) = postSolution
		{097F8915-5E42-4D96-8F24-32AD9CC46994}.Debug|Any CPU.ActiveCfg = Debug|Any CPU
		{097F8915-5E42-4D96-8F24-32AD9CC46994}.Debug|Any CPU.Build.0 = Debug|Any CPU
		{097F8915-5E42-4D96-8F24-32AD9CC46994}.Release|Any CPU.ActiveCfg = Release|Any CPU
		{097F8915-5E42-4D96-8F24-32AD9CC46994}.Release|Any CPU.Build.0 = Release|Any CPU
	EndGlobalSection
	GlobalSection(SolutionProperties) = preSolution
		HideSolutionNode = FALSE
	EndGlobalSection
	GlobalSection(ExtensibilityGlobals) = postSolution
		SolutionGuid = {268E9841-C8ED-416E-BAD1-30196BEA4BF2}
	EndGlobalSection
EndGlobal
